# DO NOT EDIT MANUALLY - Managed by Fern Replay
version: "1.0"
generations:
  - commit_sha: a0593a07a5b21038b21ab5825e6d6159ef868471
    tree_hash: 762b514f1ae397d4b4c3d71c8ceafc689ab928e8
    timestamp: 2026-06-10T12:29:02.027Z
    cli_version: unknown
    generator_versions: {}
current_generation: a0593a07a5b21038b21ab5825e6d6159ef868471
patches: []
